
Microsoft Visual Studio Solution File, Format Version 12.00
# Visual Studio Version 17
VisualStudioVersion = 17.9.34414.90
MinimumVisualStudioVersion = 10.0.40219.1
Project("{9A19103F-16F7-4668-BE54-9A1E7A4F7556}") = "PostmanUIDemo", "PostmanUIDemo\PostmanUIDemo.csproj", "{060AB509-ED42-49E3-8993-3B651F43518C}"
EndProject
Project("{FAE04EC0-301F-11D3-BF4B-00C04F79EFBC}") = "PostmanUI", "PostmanUI\PostmanUI.csproj", "{C68C9571-9C8A-4121-89B3-87E0D3982735}"
EndProject
Global
	GlobalSection(SolutionConfigurationPlatforms) = preSolution
		Debug|Any CPU = Debug|Any CPU
		Release|Any CPU = Release|Any CPU
	EndGlobalSection
	GlobalSection(ProjectConfigurationPlatforms) = postSolution
		{060AB509-ED42-49E3-8993-3B651F43518C}.Debug|Any CPU.ActiveCfg = Debug|Any CPU
		{060AB509-ED42-49E3-8993-3B651F43518C}.Debug|Any CPU.Build.0 = Debug|Any CPU
		{060AB509-ED42-49E3-8993-3B651F43518C}.Release|Any CPU.ActiveCfg = Release|Any CPU
		{060AB509-ED42-49E3-8993-3B651F43518C}.Release|Any CPU.Build.0 = Release|Any CPU
		{C68C9571-9C8A-4121-89B3-87E0D3982735}.Debug|Any CPU.ActiveCfg = Debug|Any CPU
		{C68C9571-9C8A-4121-89B3-87E0D3982735}.Debug|Any CPU.Build.0 = Debug|Any CPU
		{C68C9571-9C8A-4121-89B3-87E0D3982735}.Release|Any CPU.ActiveCfg = Release|Any CPU
		{C68C9571-9C8A-4121-89B3-87E0D3982735}.Release|Any CPU.Build.0 = Release|Any CPU
	EndGlobalSection
	GlobalSection(SolutionProperties) = preSolution
		HideSolutionNode = FALSE
	EndGlobalSection
	GlobalSection(ExtensibilityGlobals) = postSolution
		SolutionGuid = {B41DAD4A-C7A6-42F5-964A-F65EFD84D04D}
	EndGlobalSection
EndGlobal
